
Microsoft Visual Studio Solution File, Format Version 12.00
# Visual Studio 2013
VisualStudioVersion = 12.0.31101.0
MinimumVisualStudioVersion = 10.0.40219.1
Project("{FAE04EC0-301F-11D3-BF4B-00C04F79EFBC}") = "sw3", "sw3\sw3.csproj", "{767BCA74-3720-4B94-BE53-113C9EC66BFF}"
EndProject
Global
	GlobalSection(SolutionConfigurationPlatforms) = preSolution
		Debug|Any CPU = Debug|Any CPU
		Release|Any CPU = Release|Any CPU
	EndGlobalSection
	GlobalSection(ProjectConfigurationPlatforms) = postSolution
		{767BCA74-3720-4B94-BE53-113C9EC66BFF}.Debug|Any CPU.ActiveCfg = Debug|Any CPU
		{767BCA74-3720-4B94-BE53-113C9EC66BFF}.Debug|Any CPU.Build.0 = Debug|Any CPU
		{767BCA74-3720-4B94-BE53-113C9EC66BFF}.Release|Any CPU.ActiveCfg = Release|Any CPU
		{767BCA74-3720-4B94-BE53-113C9EC66BFF}.Release|Any CPU.Build.0 = Release|Any CPU
	EndGlobalSection
	GlobalSection(SolutionProperties) = preSolution
		HideSolutionNode = FALSE
	EndGlobalSection
EndGlobal
